# This file is autogenerated, do not edit; changes may be undone by the next 'dep ensure'.


[[projects]]
  digest = "1:5c3894b2aa4d6bead0ceeea6831b305d62879c871780e7b76296ded1b004bc57"
  name = "cloud.google.com/go"
  packages = ["compute/metadata"]
  pruneopts = "UT"
  revision = "dfffe386c33fb24c34ee501e5723df5b97b98514"
  version = "v0.30.0"

[[projects]]
  digest = "1:ffe9824d294da03b391f44e1ae8281281b4afc1bdaa9588c9097785e3af10cec"
  name = "github.com/davecgh/go-spew"
  packages = ["spew"]
  pruneopts = "UT"
  revision = "8991bc29aa16c548c550c7ff78260e27b9ab7c73"
  version = "v1.1.1"

[[projects]]
  digest = "1:2cd7915ab26ede7d95b8749e6b1f933f1c6d5398030684e6505940a10f31cfda"
  name = "github.com/ghodss/yaml"
  packages = ["."]
  pruneopts = "UT"
  revision = "0ca9ea5df5451ffdf184b4428c902747c2c11cd7"
  version = "v1.0.0"

[[projects]]
  branch = "master"
  digest = "1:edd2fa4578eb086265db78a9201d15e76b298dfd0d5c379da83e9c61712cf6df"
  name = "github.com/go-logr/logr"
  packages = ["."]
  pruneopts = "UT"
  revision = "9fb12b3b21c5415d16ac18dc5cd42c1cfdd40c4e"

[[projects]]
  branch = "master"
  digest = "1:ce43ad4015e7cdad3f0e8f2c8339439dd4470859a828d2a6988b0f713699e94a"
  name = "github.com/go-logr/zapr"
  packages = ["."]
  pruneopts = "UT"
  revision = "7536572e8d55209135cd5e7ccf7fce43dca217ab"

[[projects]]
  digest = "1:38101365bdbea4ca2746cf7bac064b3f18d6a5561787d653a54f80c7afb4b513"
  name = "github.com/gobuffalo/envy"
  packages = ["."]
  pruneopts = "UT"
  revision = "3c96536452167a705ca5a70b831d3810e1e10452"
  version = "v1.6.4"

[[projects]]
  digest = "1:34e709f36fd4f868fb00dbaf8a6cab4c1ae685832d392874ba9d7c5dec2429d1"
  name = "github.com/gogo/protobuf"
  packages = [
    "proto",
    "sortkeys",
  ]
  pruneopts = "UT"
  revision = "636bf0302bc95575d69441b25a2603156ffdddf1"
  version = "v1.1.1"

[[projects]]
  branch = "master"
  digest = "1:1ba1d79f2810270045c328ae5d674321db34e3aae468eb4233883b473c5c0467"
  name = "github.com/golang/glog"
  packages = ["."]
  pruneopts = "UT"
  revision = "23def4e6c14b4da8ac2ed8007337bc5eb5007998"

[[projects]]
  branch = "master"
  digest = "1:3fb07f8e222402962fa190eb060608b34eddfb64562a18e2167df2de0ece85d8"
  name = "github.com/golang/groupcache"
  packages = ["lru"]
  pruneopts = "UT"
  revision = "6f2cf27854a4a29e3811b0371547be335d411b8b"

[[projects]]
  digest = "1:4c0989ca0bcd10799064318923b9bc2db6b4d6338dd75f3f2d86c3511aaaf5cf"
  name = "github.com/golang/protobuf"
  packages = [
    "proto",
    "ptypes",
    "ptypes/any",
    "ptypes/duration",
    "ptypes/timestamp",
  ]
  pruneopts = "UT"
  revision = "aa810b61a9c79d51363740d207bb46cf8e620ed5"
  version = "v1.2.0"

[[projects]]
  branch = "master"
  digest = "1:0bfbe13936953a98ae3cfe8ed6670d396ad81edf069a806d2f6515d7bb6950df"
  name = "github.com/google/btree"
  packages = ["."]
  pruneopts = "UT"
  revision = "4030bb1f1f0c35b30ca7009e9ebd06849dd45306"

[[projects]]
  branch = "master"
  digest = "1:3ee90c0d94da31b442dde97c99635aaafec68d0b8a3c12ee2075c6bdabeec6bb"
  name = "github.com/google/gofuzz"
  packages = ["."]
  pruneopts = "UT"
  revision = "24818f796faf91cd76ec7bddd72458fbced7a6c1"

[[projects]]
  digest = "1:3a26588bc48b96825977c1b3df964f8fd842cd6860cc26370588d3563433cf11"
  name = "github.com/google/uuid"
  packages = ["."]
  pruneopts = "UT"
  revision = "d460ce9f8df2e77fb1ba55ca87fafed96c607494"
  version = "v1.0.0"

[[projects]]
  digest = "1:65c4414eeb350c47b8de71110150d0ea8a281835b1f386eacaa3ad7325929c21"
  name = "github.com/googleapis/gnostic"
  packages = [
    "OpenAPIv2",
    "compiler",
    "extensions",
  ]
  pruneopts = "UT"
  revision = "7c663266750e7d82587642f65e60bc4083f1f84e"
  version = "v0.2.0"

[[projects]]
  branch = "master"
  digest = "1:86c1210529e69d69860f2bb3ee9ccce0b595aa3f9165e7dd1388e5c612915888"
  name = "github.com/gregjones/httpcache"
  packages = [
    ".",
    "diskcache",
  ]
  pruneopts = "UT"
  revision = "9cad4c3443a7200dd6400aef47183728de563a38"

[[projects]]
  digest = "1:8ec8d88c248041a6df5f6574b87bc00e7e0b493881dad2e7ef47b11dc69093b5"
  name = "github.com/hashicorp/golang-lru"
  packages = [
    ".",
    "simplelru",
  ]
  pruneopts = "UT"
  revision = "20f1fb78b0740ba8c3cb143a61e86ba5c8669768"
  version = "v0.5.0"

[[projects]]
  digest = "1:a1038ef593beb4771c8f0f9c26e8b00410acd800af5c6864651d9bf160ea1813"
  name = "github.com/hpcloud/tail"
  packages = [
    ".",
    "ratelimiter",
    "util",
    "watch",
    "winfile",
  ]
  pruneopts = "UT"
  revision = "a30252cb686a21eb2d0b98132633053ec2f7f1e5"
  version = "v1.0.0"

[[projects]]
  digest = "1:8eb1de8112c9924d59bf1d3e5c26f5eaa2bfc2a5fcbb92dc1c2e4546d695f277"
  name = "github.com/imdario/mergo"
  packages = ["."]
  pruneopts = "UT"
  revision = "9f23e2d6bd2a77f959b2bf6acdbefd708a83a4a4"
  version = "v0.3.6"

[[projects]]
  digest = "1:870d441fe217b8e689d7949fef6e43efbc787e50f200cb1e70dbca9204a1d6be"
  name = "github.com/inconshreveable/mousetrap"
  packages = ["."]
  pruneopts = "UT"
  revision = "76626ae9c91c4f2a10f34cad8ce83ea42c93bb75"
  version = "v1.0"

[[projects]]
  digest = "1:ecd9aa82687cf31d1585d4ac61d0ba180e42e8a6182b85bd785fcca8dfeefc1b"
  name = "github.com/joho/godotenv"
  packages = ["."]
  pruneopts = "UT"
  revision = "23d116af351c84513e1946b527c88823e476be13"
  version = "v1.3.0"

[[projects]]
  digest = "1:3e551bbb3a7c0ab2a2bf4660e7fcad16db089fdcfbb44b0199e62838038623ea"
  name = "github.com/json-iterator/go"
  packages = ["."]
  pruneopts = "UT"
  revision = "1624edc4454b8682399def8740d46db5e4362ba4"
  version = "v1.1.5"

[[projects]]
  digest = "1:7bf2784f78a19f2e0bd4494aff3bc948199b2f5458b77110083c6fc92e843fca"
  name = "github.com/kubernetes/kubernetes"
  packages = ["cmd/kubeadm/app/util/apiclient"]
  pruneopts = "UT"
  revision = "4ed3216f3ec431b140b1d899130a69fc671678f4"
  version = "v1.12.1"

[[projects]]
  digest = "1:50656f57259a3c6087d0e8c572d5845e3dee42c77209dd5409b6ab8595f0295e"
  name = "github.com/markbates/inflect"
  packages = ["."]
  pruneopts = "UT"
  revision = "28bf78dadb0f64748ff13a0b6547e4972a5cea64"
  version = "v1.0.1"

[[projects]]
  branch = "master"
  digest = "1:fc2b04b0069d6b10bdef96d278fe20c345794009685ed3c8c7f1a6dc023eefec"
  name = "github.com/mattbaird/jsonpatch"
  packages = ["."]
  pruneopts = "UT"
  revision = "81af80346b1a01caae0cbc27fd3c1ba5b11e189f"

[[projects]]
  digest = "1:33422d238f147d247752996a26574ac48dcf472976eda7f5134015f06bf16563"
  name = "github.com/modern-go/concurrent"
  packages = ["."]
  pruneopts = "UT"
  revision = "bacd9c7ef1dd9b15be4a9909b8ac7a4e313eec94"
  version = "1.0.3"

[[projects]]
  digest = "1:e32bdbdb7c377a07a9a46378290059822efdce5c8d96fe71940d87cb4f918855"
  name = "github.com/modern-go/reflect2"
  packages = ["."]
  pruneopts = "UT"
  revision = "4b7aa43c6742a2c18fdef89dd197aaae7dac7ccd"
  version = "1.0.1"

[[projects]]
  digest = "1:42e29deef12327a69123b9cb2cb45fee4af5c12c2a23c6e477338279a052703f"
  name = "github.com/onsi/ginkgo"
  packages = [
    ".",
    "config",
    "internal/codelocation",
    "internal/containernode",
    "internal/failer",
    "internal/leafnodes",
    "internal/remote",
    "internal/spec",
    "internal/spec_iterator",
    "internal/specrunner",
    "internal/suite",
    "internal/testingtproxy",
    "internal/writer",
    "reporters",
    "reporters/stenographer",
    "reporters/stenographer/support/go-colorable",
    "reporters/stenographer/support/go-isatty",
    "types",
  ]
  pruneopts = "UT"
  revision = "3774a09d95489ccaa16032e0770d08ea77ba6184"
  version = "v1.6.0"

[[projects]]
  digest = "1:d6d3014e71a3504f7fda993889cfdc09ef5b70b46b00dd6bd078943585944352"
  name = "github.com/onsi/gomega"
  packages = [
    ".",
    "format",
    "gbytes",
    "gexec",
    "internal/assertion",
    "internal/asyncassertion",
    "internal/oraclematcher",
    "internal/testingtsupport",
    "matchers",
    "matchers/support/goraph/bipartitegraph",
    "matchers/support/goraph/edge",
    "matchers/support/goraph/node",
    "matchers/support/goraph/util",
    "types",
  ]
  pruneopts = "UT"
  revision = "7615b9433f86a8bdf29709bf288bc4fd0636a369"
  version = "v1.4.2"

[[projects]]
  digest = "1:e5d0bd87abc2781d14e274807a470acd180f0499f8bf5bb18606e9ec22ad9de9"
  name = "github.com/pborman/uuid"
  packages = ["."]
  pruneopts = "UT"
  revision = "adf5a7427709b9deb95d29d3fa8a2bf9cfd388f1"
  version = "v1.2"

[[projects]]
  branch = "master"
  digest = "1:3bf17a6e6eaa6ad24152148a631d18662f7212e21637c2699bff3369b7f00fa2"
  name = "github.com/petar/GoLLRB"
  packages = ["llrb"]
  pruneopts = "UT"
  revision = "53be0d36a84c2a886ca057d34b6aa4468df9ccb4"

[[projects]]
  digest = "1:0e7775ebbcf00d8dd28ac663614af924411c868dca3d5aa762af0fae3808d852"
  name = "github.com/peterbourgon/diskv"
  packages = ["."]
  pruneopts = "UT"
  revision = "5f041e8faa004a95c88a202771f4cc3e991971e6"
  version = "v2.0.1"

[[projects]]
  digest = "1:40e195917a951a8bf867cd05de2a46aaf1806c50cf92eebf4c16f78cd196f747"
  name = "github.com/pkg/errors"
  packages = ["."]
  pruneopts = "UT"
  revision = "645ef00459ed84a119197bfb8d8205042c6df63d"
  version = "v0.8.0"

[[projects]]
  digest = "1:8ac2fefd265e2953356a33e07bd6148b18374c310d6b943b817db9e2c628d6c9"
  name = "github.com/renstrom/dedent"
  packages = ["."]
  pruneopts = "UT"
  revision = "a1eba44eaecc89804e4b05ce2d17168eb353d524"
  version = "v1.0.0"

[[projects]]
  digest = "1:6a4a11ba764a56d2758899ec6f3848d24698d48442ebce85ee7a3f63284526cd"
  name = "github.com/spf13/afero"
  packages = [
    ".",
    "mem",
  ]
  pruneopts = "UT"
  revision = "d40851caa0d747393da1ffb28f7f9d8b4eeffebd"
  version = "v1.1.2"

[[projects]]
  digest = "1:645cabccbb4fa8aab25a956cbcbdf6a6845ca736b2c64e197ca7cbb9d210b939"
  name = "github.com/spf13/cobra"
  packages = ["."]
  pruneopts = "UT"
  revision = "ef82de70bb3f60c65fb8eebacbb2d122ef517385"
  version = "v0.0.3"

[[projects]]
  digest = "1:c1b1102241e7f645bc8e0c22ae352e8f0dc6484b6cb4d132fa9f24174e0119e2"
  name = "github.com/spf13/pflag"
  packages = ["."]
  pruneopts = "UT"
  revision = "298182f68c66c05229eb03ac171abe6e309ee79a"
  version = "v1.0.3"

[[projects]]
  digest = "1:03aa6e485e528acb119fb32901cf99582c380225fc7d5a02758e08b180cb56c3"
  name = "github.com/ugorji/go"
  packages = ["codec"]
  pruneopts = "UT"
  revision = "b4c50a2b199d93b13dc15e78929cfb23bfdf21ab"
  version = "v1.1.1"

[[projects]]
  digest = "1:3c1a69cdae3501bf75e76d0d86dc6f2b0a7421bc205c0cb7b96b19eed464a34d"
  name = "go.uber.org/atomic"
  packages = ["."]
  pruneopts = "UT"
  revision = "1ea20fb1cbb1cc08cbd0d913a96dead89aa18289"
  version = "v1.3.2"

[[projects]]
  digest = "1:60bf2a5e347af463c42ed31a493d817f8a72f102543060ed992754e689805d1a"
  name = "go.uber.org/multierr"
  packages = ["."]
  pruneopts = "UT"
  revision = "3c4937480c32f4c13a875a1829af76c98ca3d40a"
  version = "v1.1.0"

[[projects]]
  digest = "1:c52caf7bd44f92e54627a31b85baf06a68333a196b3d8d241480a774733dcf8b"
  name = "go.uber.org/zap"
  packages = [
    ".",
    "buffer",
    "internal/bufferpool",
    "internal/color",
    "internal/exit",
    "zapcore",
  ]
  pruneopts = "UT"
  revision = "ff33455a0e382e8a81d14dd7c922020b6b5e7982"
  version = "v1.9.1"

[[projects]]
  digest = "1:38cb27d3525635c34e84e2dbc2207c37d10832776997665bf0ddaeae2c861f1f"
  name = "golang.org/x/crypto"
  packages = ["ssh/terminal"]
  pruneopts = "UT"
  revision = "49796115aa4b964c318aad4f3084fdb41e9aa067"

[[projects]]
  branch = "master"
  digest = "1:b8e436305b7ba8cf3bed75bf5954b9bc271a731ee0e42dcb4889d8879ccfbb45"
  name = "golang.org/x/net"
  packages = [
    "context",
    "context/ctxhttp",
    "html",
    "html/atom",
    "html/charset",
    "http/httpguts",
    "http2",
    "http2/hpack",
    "idna",
  ]
  pruneopts = "UT"
  revision = "146acd28ed5894421fb5aac80ca93bc1b1f46f87"

[[projects]]
  branch = "master"
  digest = "1:39273b3e6c96fed52bd8f7793fc463c40b1a27a7caa51302b81d45306b9646b4"
  name = "golang.org/x/oauth2"
  packages = [
    ".",
    "google",
    "internal",
    "jws",
    "jwt",
  ]
  pruneopts = "UT"
  revision = "c57b0facaced709681d9f90397429b9430a74754"

[[projects]]
  branch = "master"
  digest = "1:850d28ab022512e2cd3cf511a77f363c29e22689b4031f2050871f5de47ae4a0"
  name = "golang.org/x/sys"
  packages = [
    "unix",
    "windows",
  ]
  pruneopts = "UT"
  revision = "4497e2df6f9e69048a54498c7affbbec3294ad47"

[[projects]]
  digest = "1:436b24586f8fee329e0dd65fd67c817681420cda1d7f934345c13fe78c212a73"
  name = "golang.org/x/text"
  packages = [
    "collate",
    "collate/build",
    "encoding",
    "encoding/charmap",
    "encoding/htmlindex",
    "encoding/internal",
    "encoding/internal/identifier",
    "encoding/japanese",
    "encoding/korean",
    "encoding/simplifiedchinese",
    "encoding/traditionalchinese",
    "encoding/unicode",
    "internal/colltab",
    "internal/gen",
    "internal/tag",
    "internal/triegen",
    "internal/ucd",
    "internal/utf8internal",
    "language",
    "runes",
    "secure/bidirule",
    "transform",
    "unicode/bidi",
    "unicode/cldr",
    "unicode/norm",
    "unicode/rangetable",
  ]
  pruneopts = "UT"
  revision = "f21a4dfb5e38f5895301dc265a8def02365cc3d0"
  version = "v0.3.0"

[[projects]]
  branch = "master"
  digest = "1:c9e7a4b4d47c0ed205d257648b0e5b0440880cb728506e318f8ac7cd36270bc4"
  name = "golang.org/x/time"
  packages = ["rate"]
  pruneopts = "UT"
  revision = "fbb02b2291d28baffd63558aa44b4b56f178d650"

[[projects]]
  branch = "master"
  digest = "1:45751dc3302c90ea55913674261b2d74286b05cdd8e3ae9606e02e4e77f4353f"
  name = "golang.org/x/tools"
  packages = [
    "go/ast/astutil",
    "imports",
    "internal/fastwalk",
  ]
  pruneopts = "UT"
  revision = "65a9b9c4aba07496a99cb67aa9d843ac284da610"

[[projects]]
  digest = "1:193950893ea275f89ed92e5da11ed8fa1436872f755a9ea5d4afa83dc9d9c3a8"
  name = "google.golang.org/appengine"
  packages = [
    ".",
    "internal",
    "internal/app_identity",
    "internal/base",
    "internal/datastore",
    "internal/log",
    "internal/modules",
    "internal/remote_api",
    "internal/urlfetch",
    "urlfetch",
  ]
  pruneopts = "UT"
  revision = "ae0ab99deb4dc413a2b4bd6c8bdd0eb67f1e4d06"
  version = "v1.2.0"

[[projects]]
  digest = "1:abeb38ade3f32a92943e5be54f55ed6d6e3b6602761d74b4aab4c9dd45c18abd"
  name = "gopkg.in/fsnotify.v1"
  packages = ["."]
  pruneopts = "UT"
  revision = "c2828203cd70a50dcccfb2761f8b1f8ceef9a8e9"
  source = "https://github.com/fsnotify/fsnotify/archive/v1.4.7.tar.gz"
  version = "v1.4.7"

[[projects]]
  digest = "1:2d1fbdc6777e5408cabeb02bf336305e724b925ff4546ded0fa8715a7267922a"
  name = "gopkg.in/inf.v0"
  packages = ["."]
  pruneopts = "UT"
  revision = "d2d2541c53f18d2a059457998ce2876cc8e67cbf"
  version = "v0.9.1"

[[projects]]
  branch = "v1"
  digest = "1:0caa92e17bc0b65a98c63e5bc76a9e844cd5e56493f8fdbb28fad101a16254d9"
  name = "gopkg.in/tomb.v1"
  packages = ["."]
  pruneopts = "UT"
  revision = "dd632973f1e7218eb1089048e0798ec9ae7dceb8"

[[projects]]
  digest = "1:342378ac4dcb378a5448dd723f0784ae519383532f5e70ade24132c4c8693202"
  name = "gopkg.in/yaml.v2"
  packages = ["."]
  pruneopts = "UT"
  revision = "5420a8b6744d3b0345ab293f6fcba19c978f1183"
  version = "v2.2.1"

[[projects]]
  digest = "1:728c0c37966b7a6c8980fab69a3d690cc0996e206804a55052318858d00f1e17"
  name = "k8s.io/api"
  packages = [
    "admission/v1beta1",
    "admissionregistration/v1alpha1",
    "admissionregistration/v1beta1",
    "apps/v1",
    "apps/v1beta1",
    "apps/v1beta2",
    "authentication/v1",
    "authentication/v1beta1",
    "authorization/v1",
    "authorization/v1beta1",
    "autoscaling/v1",
    "autoscaling/v2beta1",
    "batch/v1",
    "batch/v1beta1",
    "batch/v2alpha1",
    "certificates/v1beta1",
    "core/v1",
    "events/v1beta1",
    "extensions/v1beta1",
    "networking/v1",
    "policy/v1beta1",
    "rbac/v1",
    "rbac/v1alpha1",
    "rbac/v1beta1",
    "scheduling/v1alpha1",
    "scheduling/v1beta1",
    "settings/v1alpha1",
    "storage/v1",
    "storage/v1alpha1",
    "storage/v1beta1",
  ]
  pruneopts = "UT"
  revision = "2d6f90ab1293a1fb871cf149423ebb72aa7423aa"
  version = "kubernetes-1.11.2"

[[projects]]
  digest = "1:2ec605974e0610f8103b2624b09f810e3ba70676f81736ee2c785d550353104f"
  name = "k8s.io/apiextensions-apiserver"
  packages = [
    "pkg/apis/apiextensions",
    "pkg/apis/apiextensions/v1beta1",
    "pkg/client/clientset/clientset",
    "pkg/client/clientset/clientset/scheme",
    "pkg/client/clientset/clientset/typed/apiextensions/v1beta1",
    "pkg/features",
  ]
  pruneopts = "UT"
  revision = "408db4a50408e2149acbd657bceb2480c13cb0a4"
  version = "kubernetes-1.11.2"

[[projects]]
  digest = "1:ecf5e460443d4ae1c8ff06703360ee258e31391210ee6df22c1fd7d96fc855dc"
  name = "k8s.io/apimachinery"
  packages = [
    "pkg/api/errors",
    "pkg/api/meta",
    "pkg/api/resource",
    "pkg/apis/meta/internalversion",
    "pkg/apis/meta/v1",
    "pkg/apis/meta/v1/unstructured",
    "pkg/apis/meta/v1beta1",
    "pkg/conversion",
    "pkg/conversion/queryparams",
    "pkg/fields",
    "pkg/labels",
    "pkg/runtime",
    "pkg/runtime/schema",
    "pkg/runtime/serializer",
    "pkg/runtime/serializer/json",
    "pkg/runtime/serializer/protobuf",
    "pkg/runtime/serializer/recognizer",
    "pkg/runtime/serializer/streaming",
    "pkg/runtime/serializer/versioning",
    "pkg/selection",
    "pkg/types",
    "pkg/util/cache",
    "pkg/util/clock",
    "pkg/util/diff",
    "pkg/util/errors",
    "pkg/util/framer",
    "pkg/util/intstr",
    "pkg/util/json",
    "pkg/util/mergepatch",
    "pkg/util/net",
    "pkg/util/runtime",
    "pkg/util/sets",
    "pkg/util/strategicpatch",
    "pkg/util/uuid",
    "pkg/util/validation",
    "pkg/util/validation/field",
    "pkg/util/wait",
    "pkg/util/yaml",
    "pkg/version",
    "pkg/watch",
    "third_party/forked/golang/json",
    "third_party/forked/golang/reflect",
  ]
  pruneopts = "UT"
  revision = "103fd098999dc9c0c88536f5c9ad2e5da39373ae"
  version = "kubernetes-1.11.2"

[[projects]]
  digest = "1:56d8e80ec7fb20fbe8fd8cdf94e402c5a35b76cd6dad7a3b17393fb9162515b7"
  name = "k8s.io/apiserver"
  packages = [
    "pkg/features",
    "pkg/util/feature",
    "pkg/util/flag",
  ]
  pruneopts = "UT"
  revision = "1844acd6a03501626cd17e86248e6ebc0f3df5d9"
  version = "kubernetes-1.11.2"

[[projects]]
  digest = "1:cb5bc9ba0b133a078422a2b596ab6b70ebc8897b4f48b4e77c4a8211b4ffc79d"
  name = "k8s.io/client-go"
  packages = [
    "discovery",
    "discovery/fake",
    "dynamic",
    "kubernetes",
    "kubernetes/fake",
    "kubernetes/scheme",
    "kubernetes/typed/admissionregistration/v1alpha1",
    "kubernetes/typed/admissionregistration/v1alpha1/fake",
    "kubernetes/typed/admissionregistration/v1beta1",
    "kubernetes/typed/admissionregistration/v1beta1/fake",
    "kubernetes/typed/apps/v1",
    "kubernetes/typed/apps/v1/fake",
    "kubernetes/typed/apps/v1beta1",
    "kubernetes/typed/apps/v1beta1/fake",
    "kubernetes/typed/apps/v1beta2",
    "kubernetes/typed/apps/v1beta2/fake",
    "kubernetes/typed/authentication/v1",
    "kubernetes/typed/authentication/v1/fake",
    "kubernetes/typed/authentication/v1beta1",
    "kubernetes/typed/authentication/v1beta1/fake",
    "kubernetes/typed/authorization/v1",
    "kubernetes/typed/authorization/v1/fake",
    "kubernetes/typed/authorization/v1beta1",
    "kubernetes/typed/authorization/v1beta1/fake",
    "kubernetes/typed/autoscaling/v1",
    "kubernetes/typed/autoscaling/v1/fake",
    "kubernetes/typed/autoscaling/v2beta1",
    "kubernetes/typed/autoscaling/v2beta1/fake",
    "kubernetes/typed/batch/v1",
    "kubernetes/typed/batch/v1/fake",
    "kubernetes/typed/batch/v1beta1",
    "kubernetes/typed/batch/v1beta1/fake",
    "kubernetes/typed/batch/v2alpha1",
    "kubernetes/typed/batch/v2alpha1/fake",
    "kubernetes/typed/certificates/v1beta1",
    "kubernetes/typed/certificates/v1beta1/fake",
    "kubernetes/typed/core/v1",
    "kubernetes/typed/core/v1/fake",
    "kubernetes/typed/events/v1beta1",
    "kubernetes/typed/events/v1beta1/fake",
    "kubernetes/typed/extensions/v1beta1",
    "kubernetes/typed/extensions/v1beta1/fake",
    "kubernetes/typed/networking/v1",
    "kubernetes/typed/networking/v1/fake",
    "kubernetes/typed/policy/v1beta1",
    "kubernetes/typed/policy/v1beta1/fake",
    "kubernetes/typed/rbac/v1",
    "kubernetes/typed/rbac/v1/fake",
    "kubernetes/typed/rbac/v1alpha1",
    "kubernetes/typed/rbac/v1alpha1/fake",
    "kubernetes/typed/rbac/v1beta1",
    "kubernetes/typed/rbac/v1beta1/fake",
    "kubernetes/typed/scheduling/v1alpha1",
    "kubernetes/typed/scheduling/v1alpha1/fake",
    "kubernetes/typed/scheduling/v1beta1",
    "kubernetes/typed/scheduling/v1beta1/fake",
    "kubernetes/typed/settings/v1alpha1",
    "kubernetes/typed/settings/v1alpha1/fake",
    "kubernetes/typed/storage/v1",
    "kubernetes/typed/storage/v1/fake",
    "kubernetes/typed/storage/v1alpha1",
    "kubernetes/typed/storage/v1alpha1/fake",
    "kubernetes/typed/storage/v1beta1",
    "kubernetes/typed/storage/v1beta1/fake",
    "pkg/apis/clientauthentication",
    "pkg/apis/clientauthentication/v1alpha1",
    "pkg/apis/clientauthentication/v1beta1",
    "pkg/version",
    "plugin/pkg/client/auth/exec",
    "plugin/pkg/client/auth/gcp",
    "rest",
    "rest/watch",
    "restmapper",
    "testing",
    "third_party/forked/golang/template",
    "tools/auth",
    "tools/bootstrap/token/api",
    "tools/bootstrap/token/util",
    "tools/cache",
    "tools/clientcmd",
    "tools/clientcmd/api",
    "tools/clientcmd/api/latest",
    "tools/clientcmd/api/v1",
    "tools/leaderelection",
    "tools/leaderelection/resourcelock",
    "tools/metrics",
    "tools/pager",
    "tools/record",
    "tools/reference",
    "transport",
    "util/buffer",
    "util/cert",
    "util/connrotation",
    "util/flowcontrol",
    "util/homedir",
    "util/integer",
    "util/jsonpath",
    "util/retry",
    "util/workqueue",
  ]
  pruneopts = "UT"
  revision = "1f13a808da65775f22cbf47862c4e5898d8f4ca1"
  version = "kubernetes-1.11.2"

[[projects]]
  branch = "master"
  digest = "1:8a5d7d39d58442d70717601f367e8cd9513615579fdeda93335ee1dca50f6ffd"
  name = "k8s.io/code-generator"
  packages = [
    "cmd/deepcopy-gen",
    "cmd/deepcopy-gen/args",
    "pkg/util",
  ]
  pruneopts = "UT"
  revision = "b36598f3065238db6ad2ecdd94270cef56710d20"

[[projects]]
  branch = "master"
  digest = "1:63d18b00923c8c3b9b230b752bf0ab6da6bfdd02ca029c49455bfda97f3e0c26"
  name = "k8s.io/gengo"
  packages = [
    "args",
    "examples/deepcopy-gen/generators",
    "examples/set-gen/sets",
    "generator",
    "namer",
    "parser",
    "types",
  ]
  pruneopts = "UT"
  revision = "4242d8e6c5dba56827bb7bcf14ad11cda38f3991"

[[projects]]
  branch = "master"
  digest = "1:a2c842a1e0aed96fd732b535514556323a6f5edfded3b63e5e0ab1bce188aa54"
  name = "k8s.io/kube-openapi"
  packages = ["pkg/util/proto"]
  pruneopts = "UT"
  revision = "9dfdf9be683f61f82cda12362c44c784e0778b56"

[[projects]]
  digest = "1:026b0ff08a762a419ec90d551c034ac309bc06de3c98f7cea7231aaede8b355f"
  name = "k8s.io/kubernetes"
  packages = [
    "cmd/kubeadm/app/apis/kubeadm",
    "cmd/kubeadm/app/apis/kubeadm/v1alpha1",
    "cmd/kubeadm/app/constants",
    "cmd/kubeadm/app/phases/bootstraptoken/node",
    "cmd/kubeadm/app/util",
    "cmd/kubeadm/app/util/apiclient",
    "pkg/apis/core",
    "pkg/apis/core/v1/helper/qos",
    "pkg/apis/scheduling",
    "pkg/features",
    "pkg/kubelet/apis",
    "pkg/kubelet/apis/kubeletconfig",
    "pkg/kubelet/apis/kubeletconfig/scheme",
    "pkg/kubelet/apis/kubeletconfig/v1beta1",
    "pkg/kubelet/qos",
    "pkg/kubelet/types",
    "pkg/master/ports",
    "pkg/proxy/apis/kubeproxyconfig",
    "pkg/proxy/apis/kubeproxyconfig/scheme",
    "pkg/proxy/apis/kubeproxyconfig/v1alpha1",
    "pkg/registry/core/service/allocator",
    "pkg/registry/core/service/ipallocator",
    "pkg/util/pointer",
    "pkg/util/version",
  ]
  pruneopts = "UT"
  revision = "a4529464e4629c21224b3d52edfe0ea91b072862"
  version = "v1.11.3"

[[projects]]
  branch = "master"
  digest = "1:867d98a27033c52150eb4c01ca0f9be938d3010e9a4909ea3a881a83c3ac1b3f"
  name = "k8s.io/utils"
  packages = ["exec"]
  pruneopts = "UT"
  revision = "cd34563cd63c2bd7c6fe88a73c4dcf34ed8a67cb"

[[projects]]
  digest = "1:019276e5f54bd5abead3a9bb95049917bad15c7f7b772f8e97ba5ac49b63847e"
  name = "sigs.k8s.io/controller-runtime"
  packages = [
    "pkg/cache",
    "pkg/cache/internal",
    "pkg/client",
    "pkg/client/apiutil",
    "pkg/client/config",
    "pkg/controller",
    "pkg/controller/controllerutil",
    "pkg/envtest",
    "pkg/envtest/printer",
    "pkg/event",
    "pkg/handler",
    "pkg/internal/controller",
    "pkg/internal/recorder",
    "pkg/leaderelection",
    "pkg/manager",
    "pkg/patch",
    "pkg/predicate",
    "pkg/reconcile",
    "pkg/recorder",
    "pkg/runtime/inject",
    "pkg/runtime/log",
    "pkg/runtime/scheme",
    "pkg/runtime/signals",
    "pkg/source",
    "pkg/source/internal",
    "pkg/webhook/admission",
    "pkg/webhook/admission/types",
    "pkg/webhook/types",
  ]
  pruneopts = "UT"
  revision = "53fc44b56078cd095b11bd44cfa0288ee4cf718f"
  version = "v0.1.4"

[[projects]]
  digest = "1:41e7c89bdceb653e2235a7b5627d23af65fa22fb4dad368bf49eb2857e23bac2"
  name = "sigs.k8s.io/controller-tools"
  packages = [
    "cmd/controller-gen",
    "pkg/crd/generator",
    "pkg/crd/util",
    "pkg/generate/rbac",
    "pkg/internal/codegen",
    "pkg/internal/codegen/parse",
    "pkg/util",
  ]
  pruneopts = "UT"
  revision = "38b2f3f497ed6b8ea5d2844ecf00c28ac4b5c2c4"
  version = "v0.1.6"

[[projects]]
  branch = "master"
  digest = "1:fcda4907e877328a34cafaa567073836809d79f43027d6ed9a036758affdcb6c"
  name = "sigs.k8s.io/testing_frameworks"
  packages = [
    "integration",
    "integration/internal",
  ]
  pruneopts = "UT"
  revision = "5818a3a284a11812aaed11d5ca0bcadec2c50e83"

[solve-meta]
  analyzer-name = "dep"
  analyzer-version = 1
  input-imports = [
    "github.com/ghodss/yaml",
    "github.com/golang/glog",
    "github.com/kubernetes/kubernetes/cmd/kubeadm/app/util/apiclient",
    "github.com/onsi/gomega",
    "github.com/renstrom/dedent",
    "github.com/spf13/cobra",
    "github.com/spf13/pflag",
    "golang.org/x/net/context",
    "k8s.io/api/apps/v1",
    "k8s.io/api/batch/v1",
    "k8s.io/api/certificates/v1beta1",
    "k8s.io/api/core/v1",
    "k8s.io/api/networking/v1",
    "k8s.io/api/rbac/v1",
    "k8s.io/apiextensions-apiserver/pkg/apis/apiextensions/v1beta1",
    "k8s.io/apiextensions-apiserver/pkg/client/clientset/clientset",
    "k8s.io/apimachinery/pkg/api/errors",
    "k8s.io/apimachinery/pkg/apis/meta/v1",
    "k8s.io/apimachinery/pkg/runtime",
    "k8s.io/apimachinery/pkg/runtime/schema",
    "k8s.io/apimachinery/pkg/types",
    "k8s.io/apimachinery/pkg/util/intstr",
    "k8s.io/apimachinery/pkg/util/net",
    "k8s.io/apimachinery/pkg/util/sets",
    "k8s.io/apimachinery/pkg/util/wait",
    "k8s.io/apiserver/pkg/util/flag",
    "k8s.io/client-go/kubernetes",
    "k8s.io/client-go/kubernetes/scheme",
    "k8s.io/client-go/plugin/pkg/client/auth/gcp",
    "k8s.io/client-go/rest",
    "k8s.io/client-go/tools/record",
    "k8s.io/client-go/util/cert",
    "k8s.io/code-generator/cmd/deepcopy-gen",
    "k8s.io/kubernetes/cmd/kubeadm/app/phases/bootstraptoken/node",
    "k8s.io/kubernetes/cmd/kubeadm/app/util",
    "sigs.k8s.io/controller-runtime/pkg/client",
    "sigs.k8s.io/controller-runtime/pkg/client/config",
    "sigs.k8s.io/controller-runtime/pkg/controller",
    "sigs.k8s.io/controller-runtime/pkg/controller/controllerutil",
    "sigs.k8s.io/controller-runtime/pkg/envtest",
    "sigs.k8s.io/controller-runtime/pkg/handler",
    "sigs.k8s.io/controller-runtime/pkg/manager",
    "sigs.k8s.io/controller-runtime/pkg/reconcile",
    "sigs.k8s.io/controller-runtime/pkg/runtime/scheme",
    "sigs.k8s.io/controller-runtime/pkg/runtime/signals",
    "sigs.k8s.io/controller-runtime/pkg/source",
    "sigs.k8s.io/controller-tools/cmd/controller-gen",
  ]
  solver-name = "gps-cdcl"
  solver-version = 1
